
Microsoft Visual Studio Solution File, Format Version 12.00
# Visual Studio Version 17
VisualStudioVersion = 17.0.32126.317
MinimumVisualStudioVersion = 10.0.40219.1
Project("{9A19103F-16F7-4668-BE54-9A1E7A4F7556}") = "BlazingMaps", "BlazingMaps\BlazingMaps.csproj", "{3B78B677-3170-4EE7-8C16-4EAB456E6A24}"
EndProject
Project("{FAE04EC0-301F-11D3-BF4B-00C04F79EFBC}") = "BlazingMapsTests", "BlazingMapsTests\BlazingMapsTests.csproj", "{0AA9B9F8-A991-48AE-8F18-80EC9FDE53AB}"
EndProject
Project("{2150E333-8FDC-42A3-9474-1A3956D46DE8}") = "Solution Items", "Solution Items", "{FD7763B8-0E7C-4B7C-B7E4-853F1AB7A949}"
	ProjectSection(SolutionItems) = preProject
		.editorconfig = .editorconfig
	EndProjectSection
EndProject
Global
	GlobalSection(SolutionConfigurationPlatforms) = preSolution
		Debug|Any CPU = Debug|Any CPU
		Release|Any CPU = Release|Any CPU
	EndGlobalSection
	GlobalSection(ProjectConfigurationPlatforms) = postSolution
		{3B78B677-3170-4EE7-8C16-4EAB456E6A24}.Debug|Any CPU.ActiveCfg = Debug|Any CPU
		{3B78B677-3170-4EE7-8C16-4EAB456E6A24}.Debug|Any CPU.Build.0 = Debug|Any CPU
		{3B78B677-3170-4EE7-8C16-4EAB456E6A24}.Release|Any CPU.ActiveCfg = Release|Any CPU
		{3B78B677-3170-4EE7-8C16-4EAB456E6A24}.Release|Any CPU.Build.0 = Release|Any CPU
		{0AA9B9F8-A991-48AE-8F18-80EC9FDE53AB}.Debug|Any CPU.ActiveCfg = Debug|Any CPU
		{0AA9B9F8-A991-48AE-8F18-80EC9FDE53AB}.Debug|Any CPU.Build.0 = Debug|Any CPU
		{0AA9B9F8-A991-48AE-8F18-80EC9FDE53AB}.Release|Any CPU.ActiveCfg = Release|Any CPU
		{0AA9B9F8-A991-48AE-8F18-80EC9FDE53AB}.Release|Any CPU.Build.0 = Release|Any CPU
	EndGlobalSection
	GlobalSection(SolutionProperties) = preSolution
		HideSolutionNode = FALSE
	EndGlobalSection
	GlobalSection(ExtensibilityGlobals) = postSolution
		SolutionGuid = {7A0918C3-55A4-490F-8B17-4A4E66C31D77}
	EndGlobalSection
EndGlobal
